{
  "version": 4,
  "terraform_version": "1.10.3",
  "serial": 14,
  "lineage": "a3d5627c-de28-8620-3baf-9f05e06c0840",
  "outputs": {
    "IPAddr": {
      "value": "192.168.56.101",
      "type": "string"
    },
    "IPAddr_2": {
      "value": "192.168.56.102",
      "type": "string"
    }
  },
  "resources": [
    {
      "mode": "managed",
      "type": "virtualbox_vm",
      "name": "node",
      "provider": "provider[\"registry.terraform.io/terra-farm/virtualbox\"]",
      "instances": [
        {
          "index_key": 0,
          "schema_version": 0,
          "attributes": {
            "boot_order": null,
            "checksum": null,
            "checksum_type": null,
            "cpus": 1,
            "id": "52a34c19-66fe-4ce5-a388-5e5a6790219e",
            "image": "./otra_prueba.box",
            "memory": "512 mib",
            "name": "node-01",
            "network_adapter": [
              {
                "device": "IntelPro1000MTServer",
                "host_interface": "vboxnet0",
                "ipv4_address": "192.168.56.102",
                "ipv4_address_available": "yes",
                "mac_address": "080027C3CF9E",
                "status": "up",
                "type": "hostonly"
              }
            ],
            "optical_disks": null,
            "status": "running",
            "url": null,
            "user_data": null
          },
          "sensitive_attributes": [],
          "private": "bnVsbA=="
        },
        {
          "index_key": 1,
          "schema_version": 0,
          "attributes": {
            "boot_order": [],
            "checksum": null,
            "checksum_type": null,
            "cpus": 1,
            "id": "763f732d-67cb-4499-840d-b9503c06e93e",
            "image": "./otra_prueba.box",
            "memory": "512 mib",
            "name": "node-02",
            "network_adapter": [
              {
                "device": "IntelPro1000MTServer",
                "host_interface": "vboxnet0",
                "ipv4_address": "192.168.56.101",
                "ipv4_address_available": "yes",
                "mac_address": "0800271CA1E8",
                "status": "up",
                "type": "hostonly"
              }
            ],
            "optical_disks": null,
            "status": "running",
            "url": null,
            "user_data": null
          },
          "sensitive_attributes": [],
          "private": "bnVsbA=="
        }
      ]
    }
  ],
  "check_results": null
}
