{
  "version": 4,
  "terraform_version": "1.10.4",
  "serial": 72,
  "lineage": "a3d5627c-de28-8620-3baf-9f05e06c0840",
  "outputs": {},
  "resources": [
    {
      "mode": "managed",
      "type": "virtualbox_vm",
      "name": "node",
      "provider": "provider[\"registry.terraform.io/terra-farm/virtualbox\"]",
      "instances": [
        {
          "index_key": 0,
          "status": "tainted",
          "schema_version": 0,
          "attributes": {
            "boot_order": null,
            "checksum": null,
            "checksum_type": null,
            "cpus": 1,
            "id": "30b79b72-1fa2-4631-9b74-2a9cf7a9fcaa",
            "image": "prueba.box",
            "memory": "512 mib",
            "name": "node-01",
            "network_adapter": [
              {
                "device": "IntelPro1000MTServer",
                "host_interface": "",
                "ipv4_address": "",
                "ipv4_address_available": "",
                "mac_address": "",
                "status": "",
                "type": "nat"
              }
            ],
            "optical_disks": null,
            "status": "running",
            "url": null,
            "user_data": ""
          },
          "sensitive_attributes": [],
          "private": "bnVsbA=="
        },
        {
          "index_key": 1,
          "status": "tainted",
          "schema_version": 0,
          "attributes": {
            "boot_order": null,
            "checksum": null,
            "checksum_type": null,
            "cpus": 1,
            "id": "fb9aae80-826e-4aa9-a843-9d8fa5c4c1e6",
            "image": "prueba.box",
            "memory": "512 mib",
            "name": "node-02",
            "network_adapter": [
              {
                "device": "IntelPro1000MTServer",
                "host_interface": "",
                "ipv4_address": "",
                "ipv4_address_available": "",
                "mac_address": "",
                "status": "",
                "type": "nat"
              }
            ],
            "optical_disks": null,
            "status": "running",
            "url": null,
            "user_data": ""
          },
          "sensitive_attributes": [],
          "private": "bnVsbA=="
        }
      ]
    }
  ],
  "check_results": null
}
